
Microsoft Visual Studio Solution File, Format Version 12.00
# Visual Studio Version 17
VisualStudioVersion = 17.13.35806.99
MinimumVisualStudioVersion = 10.0.40219.1
Project("{FAE04EC0-301F-11D3-BF4B-00C04F79EFBC}") = "BC.ACCOUNTING.CORE", "BC.ACCOUNTING.CORE\BC.ACCOUNTING.CORE.csproj", "{8689A13F-3EFF-407E-9376-C40185991014}"
EndProject
Project("{FAE04EC0-301F-11D3-BF4B-00C04F79EFBC}") = "BC.ACCOUNTING.APPLICATION", "BC.ACCOUNTING.APPLICATION\BC.ACCOUNTING.APPLICATION.csproj", "{CDF574AD-CD82-4FFC-BDFF-6D3650F74EB4}"
EndProject
Project("{FAE04EC0-301F-11D3-BF4B-00C04F79EFBC}") = "BC.ACCOUNTING.INFRASTRUCTURE", "BC.ACCOUNTING.INFRASTRUCTURE\BC.ACCOUNTING.INFRASTRUCTURE.csproj", "{DD23DC39-3014-47EE-A174-026DA3109717}"
EndProject
Project("{FAE04EC0-301F-11D3-BF4B-00C04F79EFBC}") = "BC.ACCOUNTING.LOGGING", "BC.ACCOUNTING.LOGGING\BC.ACCOUNTING.LOGGING.csproj", "{FDCED297-F954-49BE-8F2E-F8A8292769F5}"
EndProject
Project("{FAE04EC0-301F-11D3-BF4B-00C04F79EFBC}") = "BC.ACCOUNTING.API", "BC.ACCOUNTING.API\BC.ACCOUNTING.API.csproj", "{042F2FED-5A6C-4BCB-A090-894545B0727C}"
EndProject
Project("{2150E333-8FDC-42A3-9474-1A3956D46DE8}") = "SharedConfig", "SharedConfig", "{02EA681E-C7D8-13C7-8484-4AC65E1B71E8}"
	ProjectSection(SolutionItems) = preProject
		BC.ACCOUNTING.API\appsettings.Development.json = BC.ACCOUNTING.API\appsettings.Development.json
		BC.ACCOUNTING.API\appsettings.json = BC.ACCOUNTING.API\appsettings.json
	EndProjectSection
EndProject
Project("{FAE04EC0-301F-11D3-BF4B-00C04F79EFBC}") = "BC.ACCOUNTING.REPORT", "BC.ACCOUNTING.REPORT\BC.ACCOUNTING.REPORT.csproj", "{D5203448-27E5-B0DA-0474-9FFF75461764}"
EndProject
Global
	GlobalSection(SolutionConfigurationPlatforms) = preSolution
		Debug|Any CPU = Debug|Any CPU
		Release|Any CPU = Release|Any CPU
	EndGlobalSection
	GlobalSection(ProjectConfigurationPlatforms) = postSolution
		{8689A13F-3EFF-407E-9376-C40185991014}.Debug|Any CPU.ActiveCfg = Debug|Any CPU
		{8689A13F-3EFF-407E-9376-C40185991014}.Debug|Any CPU.Build.0 = Debug|Any CPU
		{8689A13F-3EFF-407E-9376-C40185991014}.Release|Any CPU.ActiveCfg = Release|Any CPU
		{8689A13F-3EFF-407E-9376-C40185991014}.Release|Any CPU.Build.0 = Release|Any CPU
		{CDF574AD-CD82-4FFC-BDFF-6D3650F74EB4}.Debug|Any CPU.ActiveCfg = Debug|Any CPU
		{CDF574AD-CD82-4FFC-BDFF-6D3650F74EB4}.Debug|Any CPU.Build.0 = Debug|Any CPU
		{CDF574AD-CD82-4FFC-BDFF-6D3650F74EB4}.Release|Any CPU.ActiveCfg = Release|Any CPU
		{CDF574AD-CD82-4FFC-BDFF-6D3650F74EB4}.Release|Any CPU.Build.0 = Release|Any CPU
		{DD23DC39-3014-47EE-A174-026DA3109717}.Debug|Any CPU.ActiveCfg = Debug|Any CPU
		{DD23DC39-3014-47EE-A174-026DA3109717}.Debug|Any CPU.Build.0 = Debug|Any CPU
		{DD23DC39-3014-47EE-A174-026DA3109717}.Release|Any CPU.ActiveCfg = Release|Any CPU
		{DD23DC39-3014-47EE-A174-026DA3109717}.Release|Any CPU.Build.0 = Release|Any CPU
		{FDCED297-F954-49BE-8F2E-F8A8292769F5}.Debug|Any CPU.ActiveCfg = Debug|Any CPU
		{FDCED297-F954-49BE-8F2E-F8A8292769F5}.Debug|Any CPU.Build.0 = Debug|Any CPU
		{FDCED297-F954-49BE-8F2E-F8A8292769F5}.Release|Any CPU.ActiveCfg = Release|Any CPU
		{FDCED297-F954-49BE-8F2E-F8A8292769F5}.Release|Any CPU.Build.0 = Release|Any CPU
		{042F2FED-5A6C-4BCB-A090-894545B0727C}.Debug|Any CPU.ActiveCfg = Debug|Any CPU
		{042F2FED-5A6C-4BCB-A090-894545B0727C}.Debug|Any CPU.Build.0 = Debug|Any CPU
		{042F2FED-5A6C-4BCB-A090-894545B0727C}.Release|Any CPU.ActiveCfg = Release|Any CPU
		{042F2FED-5A6C-4BCB-A090-894545B0727C}.Release|Any CPU.Build.0 = Release|Any CPU
		{D5203448-27E5-B0DA-0474-9FFF75461764}.Debug|Any CPU.ActiveCfg = Debug|Any CPU
		{D5203448-27E5-B0DA-0474-9FFF75461764}.Debug|Any CPU.Build.0 = Debug|Any CPU
		{D5203448-27E5-B0DA-0474-9FFF75461764}.Release|Any CPU.ActiveCfg = Release|Any CPU
		{D5203448-27E5-B0DA-0474-9FFF75461764}.Release|Any CPU.Build.0 = Release|Any CPU
	EndGlobalSection
	GlobalSection(SolutionProperties) = preSolution
		HideSolutionNode = FALSE
	EndGlobalSection
	GlobalSection(ExtensibilityGlobals) = postSolution
		SolutionGuid = {FD65B28D-F019-444F-BBB0-32CEB54430E8}
	EndGlobalSection
EndGlobal
